
Microsoft Visual Studio Solution File, Format Version 12.00
# Visual Studio Version 16
VisualStudioVersion = 16.0.30523.141
MinimumVisualStudioVersion = 10.0.40219.1
Project("{FAE04EC0-301F-11D3-BF4B-00C04F79EFBC}") = "Taiwan-Certificate-Testing-System", "WindowsFormsApplication2\Taiwan-Certificate-Testing-System.csproj", "{E43CC644-AC26-4165-AE91-C59532D00D15}"
EndProject
Global
	GlobalSection(SolutionConfigurationPlatforms) = preSolution
		Debug|Any CPU = Debug|Any CPU
		Release|Any CPU = Release|Any CPU
	EndGlobalSection
	GlobalSection(ProjectConfigurationPlatforms) = postSolution
		{E43CC644-AC26-4165-AE91-C59532D00D15}.Debug|Any CPU.ActiveCfg = Debug|Any CPU
		{E43CC644-AC26-4165-AE91-C59532D00D15}.Debug|Any CPU.Build.0 = Debug|Any CPU
		{E43CC644-AC26-4165-AE91-C59532D00D15}.Release|Any CPU.ActiveCfg = Release|Any CPU
		{E43CC644-AC26-4165-AE91-C59532D00D15}.Release|Any CPU.Build.0 = Release|Any CPU
	EndGlobalSection
	GlobalSection(SolutionProperties) = preSolution
		HideSolutionNode = FALSE
	EndGlobalSection
	GlobalSection(ExtensibilityGlobals) = postSolution
		SolutionGuid = {0C512CC9-A8FF-4906-858A-354112DE4124}
	EndGlobalSection
EndGlobal
